
Microsoft Visual Studio Solution File, Format Version 12.00
# Visual Studio 2013
VisualStudioVersion = 12.0.20827.3
MinimumVisualStudioVersion = 10.0.40219.1
Project("{F2A71F9B-5D33-465A-A702-920D77279786}") = "MechanicalMinion", "MechanicalMinion\MechanicalMinion.fsproj", "{01A7EF1A-FEF9-4B29-AA0E-6AB65715ACB1}"
EndProject
Project("{FAE04EC0-301F-11D3-BF4B-00C04F79EFBC}") = "MechanicalMinion GUI", "MechanicalMinion GUI\MechanicalMinion GUI.csproj", "{085AFFAB-80E7-40FE-96FB-6294D9175AD3}"
	ProjectSection(ProjectDependencies) = postProject
		{01A7EF1A-FEF9-4B29-AA0E-6AB65715ACB1} = {01A7EF1A-FEF9-4B29-AA0E-6AB65715ACB1}
	EndProjectSection
EndProject
Global
	GlobalSection(SolutionConfigurationPlatforms) = preSolution
		Debug|Any CPU = Debug|Any CPU
		Release|Any CPU = Release|Any CPU
	EndGlobalSection
	GlobalSection(ProjectConfigurationPlatforms) = postSolution
		{01A7EF1A-FEF9-4B29-AA0E-6AB65715ACB1}.Debug|Any CPU.ActiveCfg = Debug|Any CPU
		{01A7EF1A-FEF9-4B29-AA0E-6AB65715ACB1}.Debug|Any CPU.Build.0 = Debug|Any CPU
		{01A7EF1A-FEF9-4B29-AA0E-6AB65715ACB1}.Release|Any CPU.ActiveCfg = Release|Any CPU
		{01A7EF1A-FEF9-4B29-AA0E-6AB65715ACB1}.Release|Any CPU.Build.0 = Release|Any CPU
		{085AFFAB-80E7-40FE-96FB-6294D9175AD3}.Debug|Any CPU.ActiveCfg = Debug|Any CPU
		{085AFFAB-80E7-40FE-96FB-6294D9175AD3}.Debug|Any CPU.Build.0 = Debug|Any CPU
		{085AFFAB-80E7-40FE-96FB-6294D9175AD3}.Release|Any CPU.ActiveCfg = Release|Any CPU
		{085AFFAB-80E7-40FE-96FB-6294D9175AD3}.Release|Any CPU.Build.0 = Release|Any CPU
	EndGlobalSection
	GlobalSection(SolutionProperties) = preSolution
		HideSolutionNode = FALSE
	EndGlobalSection
EndGlobal
